// !$*UTF8*$!
{
	archiveVersion = 1;
	classes = {
	};
	objectVersion = 46;
	objects = {

/* Begin PBXBuildFile section */
		36E6423D1D777200003AA23B /* AppDelegate.swift in Sources */ = {isa = PBXBuildFile; fileRef = 36E6423C1D777200003AA23B /* AppDelegate.swift */; };
		36E6423F1D777200003AA23B /* ViewController.swift in Sources */ = {isa = PBXBuildFile; fileRef = 36E6423E1D777200003AA23B /* ViewController.swift */; };
		36E642421D777200003AA23B /* Main.storyboard in Resources */ = {isa = PBXBuildFile; fileRef = 36E642401D777200003AA23B /* Main.storyboard */; };
		36E642441D777200003AA23B /* Assets.xcassets in Resources */ = {isa = PBXBuildFile; fileRef = 36E642431D777200003AA23B /* Assets.xcassets */; };
		36E642471D777200003AA23B /* LaunchScreen.storyboard in Resources */ = {isa = PBXBuildFile; fileRef = 36E642451D777200003AA23B /* LaunchScreen.storyboard */; };
		36E6424F1D777221003AA23B /* Array+.swift in Sources */ = {isa = PBXBuildFile; fileRef = 36E6424E1D777221003AA23B /* Array+.swift */; };
		36E642521D777424003AA23B /* UIView+.swift in Sources */ = {isa = PBXBuildFile; fileRef = 36E642511D777424003AA23B /* UIView+.swift */; };
		36E642541D7775EE003AA23B /* UIViewController+.swift in Sources */ = {isa = PBXBuildFile; fileRef = 36E642531D7775EE003AA23B /* UIViewController+.swift */; };
/* End PBXBuildFile section */

/* Begin PBXFileReference section */
		36E642391D777200003AA23B /* Extension.app */ = {isa = PBXFileReference; explicitFileType = wrapper.application; includeInIndex = 0; path = Extension.app; sourceTree = BUILT_PRODUCTS_DIR; };
		36E6423C1D777200003AA23B /* AppDelegate.swift */ = {isa = PBXFileReference; lastKnownFileType = sourcecode.swift; path = AppDelegate.swift; sourceTree = "<group>"; };
		36E6423E1D777200003AA23B /* ViewController.swift */ = {isa = PBXFileReference; lastKnownFileType = sourcecode.swift; path = ViewController.swift; sourceTree = "<group>"; };
		36E642411D777200003AA23B /* Base */ = {isa = PBXFileReference; lastKnownFileType = file.storyboard; name = Base; path = Base.lproj/Main.storyboard; sourceTree = "<group>"; };
		36E642431D777200003AA23B /* Assets.xcassets */ = {isa = PBXFileReference; lastKnownFileType = folder.assetcatalog; path = Assets.xcassets; sourceTree = "<group>"; };
		36E642461D777200003AA23B /* Base */ = {isa = PBXFileReference; lastKnownFileType = file.storyboard; name = Base; path = Base.lproj/LaunchScreen.storyboard; sourceTree = "<group>"; };
		36E642481D777200003AA23B /* Info.plist */ = {isa = PBXFileReference; lastKnownFileType = text.plist.xml; path = Info.plist; sourceTree = "<group>"; };
		36E6424E1D777221003AA23B /* Array+.swift */ = {isa = PBXFileReference; fileEncoding = 4; lastKnownFileType = sourcecode.swift; path = "Array+.swift"; sourceTree = "<group>"; };
		36E642511D777424003AA23B /* UIView+.swift */ = {isa = PBXFileReference; fileEncoding = 4; lastKnownFileType = sourcecode.swift; path = "UIView+.swift"; sourceTree = "<group>"; };
		36E642531D7775EE003AA23B /* UIViewController+.swift */ = {isa = PBXFileReference; fileEncoding = 4; lastKnownFileType = sourcecode.swift; path = "UIViewController+.swift"; sourceTree = "<group>"; };
/* End PBXFileReference section */

/* Begin PBXFrameworksBuildPhase section */
		36E642361D777200003AA23B /* Frameworks */ = {
			isa = PBXFrameworksBuildPhase;
			buildActionMask = 2147483647;
			files = (
			);
			runOnlyForDeploymentPostprocessing = 0;
		};
/* End PBXFrameworksBuildPhase section */

/* Begin PBXGroup section */
		36E642301D777200003AA23B = {
			isa = PBXGroup;
			children = (
				36E6423B1D777200003AA23B /* Extension */,
				36E6423A1D777200003AA23B /* Products */,
			);
			sourceTree = "<group>";
		};
		36E6423A1D777200003AA23B /* Products */ = {
			isa = PBXGroup;
			children = (
				36E642391D777200003AA23B /* Extension.app */,
			);
			name = Products;
			sourceTree = "<group>";
		};
		36E6423B1D777200003AA23B /* Extension */ = {
			isa = PBXGroup;
			children = (
				36E6423C1D777200003AA23B /* AppDelegate.swift */,
				36E6423E1D777200003AA23B /* ViewController.swift */,
				36E642501D777242003AA23B /* Extension */,
				36E642401D777200003AA23B /* Main.storyboard */,
				36E642431D777200003AA23B /* Assets.xcassets */,
				36E642451D777200003AA23B /* LaunchScreen.storyboard */,
				36E642481D777200003AA23B /* Info.plist */,
			);
			path = Extension;
			sourceTree = "<group>";
		};
		36E642501D777242003AA23B /* Extension */ = {
			isa = PBXGroup;
			children = (
				36E6424E1D777221003AA23B /* Array+.swift */,
				36E642511D777424003AA23B /* UIView+.swift */,
				36E642531D7775EE003AA23B /* UIViewController+.swift */,
			);
			name = Extension;
			sourceTree = "<group>";
		};
/* End PBXGroup section */

/* Begin PBXNativeTarget section */
		36E642381D777200003AA23B /* Extension */ = {
			isa = PBXNativeTarget;
			buildConfigurationList = 36E6424B1D777200003AA23B /* Build configuration list for PBXNativeTarget "Extension" */;
			buildPhases = (
				36E642351D777200003AA23B /* Sources */,
				36E642361D777200003AA23B /* Frameworks */,
				36E642371D777200003AA23B /* Resources */,
			);
			buildRules = (
			);
			dependencies = (
			);
			name = Extension;
			productName = Extension;
			productReference = 36E642391D777200003AA23B /* Extension.app */;
			productType = "com.apple.product-type.application";
		};
/* End PBXNativeTarget section */

/* Begin PBXProject section */
		36E642311D777200003AA23B /* Project object */ = {
			isa = PBXProject;
			attributes = {
				LastSwiftUpdateCheck = 0730;
				LastUpgradeCheck = 0730;
				ORGANIZATIONNAME = KentarOu;
				TargetAttributes = {
					36E642381D777200003AA23B = {
						CreatedOnToolsVersion = 7.3.1;
					};
				};
			};
			buildConfigurationList = 36E642341D777200003AA23B /* Build configuration list for PBXProject "Extension" */;
			compatibilityVersion = "Xcode 3.2";
			developmentRegion = English;
			hasScannedForEncodings = 0;
			knownRegions = (
				en,
				Base,
			);
			mainGroup = 36E642301D777200003AA23B;
			productRefGroup = 36E6423A1D777200003AA23B /* Products */;
			projectDirPath = "";
			projectRoot = "";
			targets = (
				36E642381D777200003AA23B /* Extension */,
			);
		};
/* End PBXProject section */

/* Begin PBXResourcesBuildPhase section */
		36E642371D777200003AA23B /* Resources */ = {
			isa = PBXResourcesBuildPhase;
			buildActionMask = 2147483647;
			files = (
				36E642471D777200003AA23B /* LaunchScreen.storyboard in Resources */,
				36E642441D777200003AA23B /* Assets.xcassets in Resources */,
				36E642421D777200003AA23B /* Main.storyboard in Resources */,
			);
			runOnlyForDeploymentPostprocessing = 0;
		};
/* End PBXResourcesBuildPhase section */

/* Begin PBXSourcesBuildPhase section */
		36E642351D777200003AA23B /* Sources */ = {
			isa = PBXSourcesBuildPhase;
			buildActionMask = 2147483647;
			files = (
				36E642521D777424003AA23B /* UIView+.swift in Sources */,
				36E6423F1D777200003AA23B /* ViewController.swift in Sources */,
				36E642541D7775EE003AA23B /* UIViewController+.swift in Sources */,
				36E6424F1D777221003AA23B /* Array+.swift in Sources */,
				36E6423D1D777200003AA23B /* AppDelegate.swift in Sources */,
			);
			runOnlyForDeploymentPostprocessing = 0;
		};
/* End PBXSourcesBuildPhase section */

/* Begin PBXVariantGroup section */
		36E642401D777200003AA23B /* Main.storyboard */ = {
			isa = PBXVariantGroup;
			children = (
				36E642411D777200003AA23B /* Base */,
			);
			name = Main.storyboard;
			sourceTree = "<group>";
		};
		36E642451D777200003AA23B /* LaunchScreen.storyboard */ = {
			isa = PBXVariantGroup;
			children = (
				36E642461D777200003AA23B /* Base */,
			);
			name = LaunchScreen.storyboard;
			sourceTree = "<group>";
		};
/* End PBXVariantGroup section */

/* Begin XCBuildConfiguration section */
		36E642491D777200003AA23B /* Debug */ = {
			isa = XCBuildConfiguration;
			buildSettings = {
				ALWAYS_SEARCH_USER_PATHS = NO;
				CLANG_ANALYZER_NONNULL = YES;
				CLANG_CXX_LANGUAGE_STANDARD = "gnu++0x";
				CLANG_CXX_LIBRARY = "libc++";
				CLANG_ENABLE_MODULES = YES;
				CLANG_ENABLE_OBJC_ARC = YES;
				CLANG_WARN_BOOL_CONVERSION = YES;
				CLANG_WARN_CONSTANT_CONVERSION = YES;
				CLANG_WARN_DIRECT_OBJC_ISA_USAGE = YES_ERROR;
				CLANG_WARN_EMPTY_BODY = YES;
				CLANG_WARN_ENUM_CONVERSION = YES;
				CLANG_WARN_INT_CONVERSION = YES;
				CLANG_WARN_OBJC_ROOT_CLASS = YES_ERROR;
				CLANG_WARN_UNREACHABLE_CODE = YES;
				CLANG_WARN__DUPLICATE_METHOD_MATCH = YES;
				"CODE_SIGN_IDENTITY[sdk=iphoneos*]" = "iPhone Developer";
				COPY_PHASE_STRIP = NO;
				DEBUG_INFORMATION_FORMAT = dwarf;
				ENABLE_STRICT_OBJC_MSGSEND = YES;
				ENABLE_TESTABILITY = YES;
				GCC_C_LANGUAGE_STANDARD = gnu99;
				GCC_DYNAMIC_NO_PIC = NO;
				GCC_NO_COMMON_BLOCKS = YES;
				GCC_OPTIMIZATION_LEVEL = 0;
				GCC_PREPROCESSOR_DEFINITIONS = (
					"DEBUG=1",
					"$(inherited)",
				);
				GCC_WARN_64_TO_32_BIT_CONVERSION = YES;
				GCC_WARN_ABOUT_RETURN_TYPE = YES_ERROR;
				GCC_WARN_UNDECLARED_SELECTOR = YES;
				GCC_WARN_UNINITIALIZED_AUTOS = YES_AGGRESSIVE;
				GCC_WARN_UNUSED_FUNCTION = YES;
				GCC_WARN_UNUSED_VARIABLE = YES;
				IPHONEOS_DEPLOYMENT_TARGET = 9.3;
				MTL_ENABLE_DEBUG_INFO = YES;
				ONLY_ACTIVE_ARCH = YES;
				SDKROOT = iphoneos;
				SWIFT_OPTIMIZATION_LEVEL = "-Onone";
			};
			name = Debug;
		};
		36E6424A1D777200003AA23B /* Release */ = {
			isa = XCBuildConfiguration;
			buildSettings = {
				ALWAYS_SEARCH_USER_PATHS = NO;
				CLANG_ANALYZER_NONNULL = YES;
				CLANG_CXX_LANGUAGE_STANDARD = "gnu++0x";
				CLANG_CXX_LIBRARY = "libc++";
				CLANG_ENABLE_MODULES = YES;
				CLANG_ENABLE_OBJC_ARC = YES;
				CLANG_WARN_BOOL_CONVERSION = YES;
				CLANG_WARN_CONSTANT_CONVERSION = YES;
				CLANG_WARN_DIRECT_OBJC_ISA_USAGE = YES_ERROR;
				CLANG_WARN_EMPTY_BODY = YES;
				CLANG_WARN_ENUM_CONVERSION = YES;
				CLANG_WARN_INT_CONVERSION = YES;
				CLANG_WARN_OBJC_ROOT_CLASS = YES_ERROR;
				CLANG_WARN_UNREACHABLE_CODE = YES;
				CLANG_WARN__DUPLICATE_METHOD_MATCH = YES;
				"CODE_SIGN_IDENTITY[sdk=iphoneos*]" = "iPhone Developer";
				COPY_PHASE_STRIP = NO;
				DEBUG_INFORMATION_FORMAT = "dwarf-with-dsym";
				ENABLE_NS_ASSERTIONS = NO;
				ENABLE_STRICT_OBJC_MSGSEND = YES;
				GCC_C_LANGUAGE_STANDARD = gnu99;
				GCC_NO_COMMON_BLOCKS = YES;
				GCC_WARN_64_TO_32_BIT_CONVERSION = YES;
				GCC_WARN_ABOUT_RETURN_TYPE = YES_ERROR;
				GCC_WARN_UNDECLARED_SELECTOR = YES;
				GCC_WARN_UNINITIALIZED_AUTOS = YES_AGGRESSIVE;
				GCC_WARN_UNUSED_FUNCTION = YES;
				GCC_WARN_UNUSED_VARIABLE = YES;
				IPHONEOS_DEPLOYMENT_TARGET = 9.3;
				MTL_ENABLE_DEBUG_INFO = NO;
				SDKROOT = iphoneos;
				VALIDATE_PRODUCT = YES;
			};
			name = Release;
		};
		36E6424C1D777200003AA23B /* Debug */ = {
			isa = XCBuildConfiguration;
			buildSettings = {
				ASSETCATALOG_COMPILER_APPICON_NAME = AppIcon;
				INFOPLIST_FILE = Extension/Info.plist;
				LD_RUNPATH_SEARCH_PATHS = "$(inherited) @executable_path/Frameworks";
				PRODUCT_BUNDLE_IDENTIFIER = me.kentarou.Extension;
				PRODUCT_NAME = "$(TARGET_NAME)";
			};
			name = Debug;
		};
		36E6424D1D777200003AA23B /* Release */ = {
			isa = XCBuildConfiguration;
			buildSettings = {
				ASSETCATALOG_COMPILER_APPICON_NAME = AppIcon;
				INFOPLIST_FILE = Extension/Info.plist;
				LD_RUNPATH_SEARCH_PATHS = "$(inherited) @executable_path/Frameworks";
				PRODUCT_BUNDLE_IDENTIFIER = me.kentarou.Extension;
				PRODUCT_NAME = "$(TARGET_NAME)";
			};
			name = Release;
		};
/* End XCBuildConfiguration section */

/* Begin XCConfigurationList section */
		36E642341D777200003AA23B /* Build configuration list for PBXProject "Extension" */ = {
			isa = XCConfigurationList;
			buildConfigurations = (
				36E642491D777200003AA23B /* Debug */,
				36E6424A1D777200003AA23B /* Release */,
			);
			defaultConfigurationIsVisible = 0;
			defaultConfigurationName = Release;
		};
		36E6424B1D777200003AA23B /* Build configuration list for PBXNativeTarget "Extension" */ = {
			isa = XCConfigurationList;
			buildConfigurations = (
				36E6424C1D777200003AA23B /* Debug */,
				36E6424D1D777200003AA23B /* Release */,
			);
			defaultConfigurationIsVisible = 0;
		};
/* End XCConfigurationList section */
	};
	rootObject = 36E642311D777200003AA23B /* Project object */;
}
